
Microsoft Visual Studio Solution File, Format Version 12.00
# Visual Studio Version 17
VisualStudioVersion = 17.11.35312.102
MinimumVisualStudioVersion = 10.0.40219.1
Project("{9A19103F-16F7-4668-BE54-9A1E7A4F7556}") = "ConcertHub", "ConcertHub\ConcertHub.csproj", "{3F5AFDFA-EEB7-420E-9104-3754DDC18FA5}"
EndProject
Project("{2150E333-8FDC-42A3-9474-1A3956D46DE8}") = "Data", "Data", "{B107AAC9-EB03-4828-9507-A585C58F5A84}"
EndProject
Project("{2150E333-8FDC-42A3-9474-1A3956D46DE8}") = "Web", "Web", "{712C6C11-B89B-43E0-9573-E98C2F6BF1D0}"
EndProject
Project("{9A19103F-16F7-4668-BE54-9A1E7A4F7556}") = "ConcertHub.Data", "ConcertHub.Data\ConcertHub.Data.csproj", "{A2D8FC51-6820-4774-95FF-5292268E66EC}"
EndProject
Project("{9A19103F-16F7-4668-BE54-9A1E7A4F7556}") = "ConcertHub.Data.Models", "ConcertHub.Data.Models\ConcertHub.Data.Models.csproj", "{6CEBE40C-12C7-42D8-85A2-1F480F145D50}"
EndProject
Project("{9A19103F-16F7-4668-BE54-9A1E7A4F7556}") = "ConcertHub.Common", "ConcertHub.Common\ConcertHub.Common.csproj", "{5948C0E1-9E4E-4C1E-947C-207CA2FD6D74}"
EndProject
Project("{9A19103F-16F7-4668-BE54-9A1E7A4F7556}") = "ConcertHub.ViewModels", "Concert.Hub.ViewModels\ConcertHub.ViewModels.csproj", "{15B01014-5E35-478C-8355-FFC236EC3550}"
EndProject
Project("{2150E333-8FDC-42A3-9474-1A3956D46DE8}") = "Services", "Services", "{C99BD4BC-52BF-4129-9CC0-D57AA4E1D896}"
EndProject
Project("{9A19103F-16F7-4668-BE54-9A1E7A4F7556}") = "ConcertHub.Services.Data", "ConcertHub.Services.Data\ConcertHub.Services.Data.csproj", "{B20B2940-AE4B-4227-B694-21E6D356C8DC}"
EndProject
Project("{2150E333-8FDC-42A3-9474-1A3956D46DE8}") = "Tests", "Tests", "{B8FA1503-E22A-43F8-9E6F-AFE6D7822D81}"
EndProject
Project("{FAE04EC0-301F-11D3-BF4B-00C04F79EFBC}") = "ConcertHub.Tests", "ConcertHub.Tests\ConcertHub.Tests.csproj", "{DD6177F7-23D4-4D63-9005-7665F2D4BD79}"
EndProject
Global
	GlobalSection(SolutionConfigurationPlatforms) = preSolution
		Debug|Any CPU = Debug|Any CPU
		Release|Any CPU = Release|Any CPU
	EndGlobalSection
	GlobalSection(ProjectConfigurationPlatforms) = postSolution
		{3F5AFDFA-EEB7-420E-9104-3754DDC18FA5}.Debug|Any CPU.ActiveCfg = Debug|Any CPU
		{3F5AFDFA-EEB7-420E-9104-3754DDC18FA5}.Debug|Any CPU.Build.0 = Debug|Any CPU
		{3F5AFDFA-EEB7-420E-9104-3754DDC18FA5}.Release|Any CPU.ActiveCfg = Release|Any CPU
		{3F5AFDFA-EEB7-420E-9104-3754DDC18FA5}.Release|Any CPU.Build.0 = Release|Any CPU
		{A2D8FC51-6820-4774-95FF-5292268E66EC}.Debug|Any CPU.ActiveCfg = Debug|Any CPU
		{A2D8FC51-6820-4774-95FF-5292268E66EC}.Debug|Any CPU.Build.0 = Debug|Any CPU
		{A2D8FC51-6820-4774-95FF-5292268E66EC}.Release|Any CPU.ActiveCfg = Release|Any CPU
		{A2D8FC51-6820-4774-95FF-5292268E66EC}.Release|Any CPU.Build.0 = Release|Any CPU
		{6CEBE40C-12C7-42D8-85A2-1F480F145D50}.Debug|Any CPU.ActiveCfg = Debug|Any CPU
		{6CEBE40C-12C7-42D8-85A2-1F480F145D50}.Debug|Any CPU.Build.0 = Debug|Any CPU
		{6CEBE40C-12C7-42D8-85A2-1F480F145D50}.Release|Any CPU.ActiveCfg = Release|Any CPU
		{6CEBE40C-12C7-42D8-85A2-1F480F145D50}.Release|Any CPU.Build.0 = Release|Any CPU
		{5948C0E1-9E4E-4C1E-947C-207CA2FD6D74}.Debug|Any CPU.ActiveCfg = Debug|Any CPU
		{5948C0E1-9E4E-4C1E-947C-207CA2FD6D74}.Debug|Any CPU.Build.0 = Debug|Any CPU
		{5948C0E1-9E4E-4C1E-947C-207CA2FD6D74}.Release|Any CPU.ActiveCfg = Release|Any CPU
		{5948C0E1-9E4E-4C1E-947C-207CA2FD6D74}.Release|Any CPU.Build.0 = Release|Any CPU
		{15B01014-5E35-478C-8355-FFC236EC3550}.Debug|Any CPU.ActiveCfg = Debug|Any CPU
		{15B01014-5E35-478C-8355-FFC236EC3550}.Debug|Any CPU.Build.0 = Debug|Any CPU
		{15B01014-5E35-478C-8355-FFC236EC3550}.Release|Any CPU.ActiveCfg = Release|Any CPU
		{15B01014-5E35-478C-8355-FFC236EC3550}.Release|Any CPU.Build.0 = Release|Any CPU
		{B20B2940-AE4B-4227-B694-21E6D356C8DC}.Debug|Any CPU.ActiveCfg = Debug|Any CPU
		{B20B2940-AE4B-4227-B694-21E6D356C8DC}.Debug|Any CPU.Build.0 = Debug|Any CPU
		{B20B2940-AE4B-4227-B694-21E6D356C8DC}.Release|Any CPU.ActiveCfg = Release|Any CPU
		{B20B2940-AE4B-4227-B694-21E6D356C8DC}.Release|Any CPU.Build.0 = Release|Any CPU
		{DD6177F7-23D4-4D63-9005-7665F2D4BD79}.Debug|Any CPU.ActiveCfg = Debug|Any CPU
		{DD6177F7-23D4-4D63-9005-7665F2D4BD79}.Debug|Any CPU.Build.0 = Debug|Any CPU
		{DD6177F7-23D4-4D63-9005-7665F2D4BD79}.Release|Any CPU.ActiveCfg = Release|Any CPU
		{DD6177F7-23D4-4D63-9005-7665F2D4BD79}.Release|Any CPU.Build.0 = Release|Any CPU
	EndGlobalSection
	GlobalSection(SolutionProperties) = preSolution
		HideSolutionNode = FALSE
	EndGlobalSection
	GlobalSection(NestedProjects) = preSolution
		{3F5AFDFA-EEB7-420E-9104-3754DDC18FA5} = {712C6C11-B89B-43E0-9573-E98C2F6BF1D0}
		{A2D8FC51-6820-4774-95FF-5292268E66EC} = {B107AAC9-EB03-4828-9507-A585C58F5A84}
		{6CEBE40C-12C7-42D8-85A2-1F480F145D50} = {B107AAC9-EB03-4828-9507-A585C58F5A84}
		{15B01014-5E35-478C-8355-FFC236EC3550} = {712C6C11-B89B-43E0-9573-E98C2F6BF1D0}
		{B20B2940-AE4B-4227-B694-21E6D356C8DC} = {C99BD4BC-52BF-4129-9CC0-D57AA4E1D896}
		{DD6177F7-23D4-4D63-9005-7665F2D4BD79} = {B8FA1503-E22A-43F8-9E6F-AFE6D7822D81}
	EndGlobalSection
	GlobalSection(ExtensibilityGlobals) = postSolution
		SolutionGuid = {C3DE26B1-FFE4-468D-BA05-B67B63CBBA02}
	EndGlobalSection
EndGlobal
